
Microsoft Visual Studio Solution File, Format Version 12.00
# Visual Studio Version 16
VisualStudioVersion = 16.0.30804.86
MinimumVisualStudioVersion = 10.0.40219.1
Project("{9A19103F-16F7-4668-BE54-9A1E7A4F7556}") = "Methodlar", "Methodlar\Methodlar.csproj", "{718901B9-8157-4C66-8C82-5A9C4AE93C2F}"
EndProject
Project("{9A19103F-16F7-4668-BE54-9A1E7A4F7556}") = "Math", "Math\Math.csproj", "{309E1C5D-0590-444B-A65B-F4C9F3652FCF}"
EndProject
Project("{9A19103F-16F7-4668-BE54-9A1E7A4F7556}") = "DegerVeReferansTipler", "DegerVeReferansTipler\DegerVeReferansTipler.csproj", "{6653115D-0691-45A7-BFE2-CEAFE218C2A6}"
EndProject
Project("{FAE04EC0-301F-11D3-BF4B-00C04F79EFBC}") = "OOP1", "OOP1\OOP1.csproj", "{832F9A5D-F863-47FE-81E4-45D45ACD90CE}"
EndProject
Project("{FAE04EC0-301F-11D3-BF4B-00C04F79EFBC}") = "Collections", "Collections\Collections.csproj", "{24DCDB23-71FF-4E0E-865D-556E9DA834C3}"
EndProject
Project("{FAE04EC0-301F-11D3-BF4B-00C04F79EFBC}") = "GenericsIntro", "GenericsIntro\GenericsIntro.csproj", "{583377E7-8585-4E1C-89F6-953C417A7264}"
EndProject
Global
	GlobalSection(SolutionConfigurationPlatforms) = preSolution
		Debug|Any CPU = Debug|Any CPU
		Release|Any CPU = Release|Any CPU
	EndGlobalSection
	GlobalSection(ProjectConfigurationPlatforms) = postSolution
		{718901B9-8157-4C66-8C82-5A9C4AE93C2F}.Debug|Any CPU.ActiveCfg = Debug|Any CPU
		{718901B9-8157-4C66-8C82-5A9C4AE93C2F}.Debug|Any CPU.Build.0 = Debug|Any CPU
		{718901B9-8157-4C66-8C82-5A9C4AE93C2F}.Release|Any CPU.ActiveCfg = Release|Any CPU
		{718901B9-8157-4C66-8C82-5A9C4AE93C2F}.Release|Any CPU.Build.0 = Release|Any CPU
		{309E1C5D-0590-444B-A65B-F4C9F3652FCF}.Debug|Any CPU.ActiveCfg = Debug|Any CPU
		{309E1C5D-0590-444B-A65B-F4C9F3652FCF}.Debug|Any CPU.Build.0 = Debug|Any CPU
		{309E1C5D-0590-444B-A65B-F4C9F3652FCF}.Release|Any CPU.ActiveCfg = Release|Any CPU
		{309E1C5D-0590-444B-A65B-F4C9F3652FCF}.Release|Any CPU.Build.0 = Release|Any CPU
		{6653115D-0691-45A7-BFE2-CEAFE218C2A6}.Debug|Any CPU.ActiveCfg = Debug|Any CPU
		{6653115D-0691-45A7-BFE2-CEAFE218C2A6}.Debug|Any CPU.Build.0 = Debug|Any CPU
		{6653115D-0691-45A7-BFE2-CEAFE218C2A6}.Release|Any CPU.ActiveCfg = Release|Any CPU
		{6653115D-0691-45A7-BFE2-CEAFE218C2A6}.Release|Any CPU.Build.0 = Release|Any CPU
		{832F9A5D-F863-47FE-81E4-45D45ACD90CE}.Debug|Any CPU.ActiveCfg = Debug|Any CPU
		{832F9A5D-F863-47FE-81E4-45D45ACD90CE}.Debug|Any CPU.Build.0 = Debug|Any CPU
		{832F9A5D-F863-47FE-81E4-45D45ACD90CE}.Release|Any CPU.ActiveCfg = Release|Any CPU
		{832F9A5D-F863-47FE-81E4-45D45ACD90CE}.Release|Any CPU.Build.0 = Release|Any CPU
		{24DCDB23-71FF-4E0E-865D-556E9DA834C3}.Debug|Any CPU.ActiveCfg = Debug|Any CPU
		{24DCDB23-71FF-4E0E-865D-556E9DA834C3}.Debug|Any CPU.Build.0 = Debug|Any CPU
		{24DCDB23-71FF-4E0E-865D-556E9DA834C3}.Release|Any CPU.ActiveCfg = Release|Any CPU
		{24DCDB23-71FF-4E0E-865D-556E9DA834C3}.Release|Any CPU.Build.0 = Release|Any CPU
		{583377E7-8585-4E1C-89F6-953C417A7264}.Debug|Any CPU.ActiveCfg = Debug|Any CPU
		{583377E7-8585-4E1C-89F6-953C417A7264}.Debug|Any CPU.Build.0 = Debug|Any CPU
		{583377E7-8585-4E1C-89F6-953C417A7264}.Release|Any CPU.ActiveCfg = Release|Any CPU
		{583377E7-8585-4E1C-89F6-953C417A7264}.Release|Any CPU.Build.0 = Release|Any CPU
	EndGlobalSection
	GlobalSection(SolutionProperties) = preSolution
		HideSolutionNode = FALSE
	EndGlobalSection
	GlobalSection(ExtensibilityGlobals) = postSolution
		SolutionGuid = {4359CB22-DB55-4D1B-B267-E0F0401CCF82}
	EndGlobalSection
EndGlobal
